
Microsoft Visual Studio Solution File, Format Version 12.00
# Visual Studio 15
VisualStudioVersion = 15.0.28307.168
MinimumVisualStudioVersion = 10.0.40219.1
Project("{FAE04EC0-301F-11D3-BF4B-00C04F79EFBC}") = "Containerverhuur", "Containerverhuur\Containerverhuur.csproj", "{F87C6C9A-A710-4B08-BF34-974155C068F6}"
EndProject
Global
	GlobalSection(SolutionConfigurationPlatforms) = preSolution
		Debug|Any CPU = Debug|Any CPU
		Release|Any CPU = Release|Any CPU
	EndGlobalSection
	GlobalSection(ProjectConfigurationPlatforms) = postSolution
		{F87C6C9A-A710-4B08-BF34-974155C068F6}.Debug|Any CPU.ActiveCfg = Debug|Any CPU
		{F87C6C9A-A710-4B08-BF34-974155C068F6}.Debug|Any CPU.Build.0 = Debug|Any CPU
		{F87C6C9A-A710-4B08-BF34-974155C068F6}.Release|Any CPU.ActiveCfg = Release|Any CPU
		{F87C6C9A-A710-4B08-BF34-974155C068F6}.Release|Any CPU.Build.0 = Release|Any CPU
	EndGlobalSection
	GlobalSection(SolutionProperties) = preSolution
		HideSolutionNode = FALSE
	EndGlobalSection
	GlobalSection(ExtensibilityGlobals) = postSolution
		SolutionGuid = {1683AF66-B11E-4A24-88D3-93DD836FB247}
	EndGlobalSection
EndGlobal
